
Microsoft Visual Studio Solution File, Format Version 12.00
# Visual Studio Version 17
VisualStudioVersion = 17.6.33829.357
MinimumVisualStudioVersion = 10.0.40219.1
Project("{FAE04EC0-301F-11D3-BF4B-00C04F79EFBC}") = "fibi-test-server", "fibi-test-server.csproj", "{C7A47272-D193-40A3-828F-62B31C207AE1}"
EndProject
Global
	GlobalSection(SolutionConfigurationPlatforms) = preSolution
		Debug|Any CPU = Debug|Any CPU
		Release|Any CPU = Release|Any CPU
	EndGlobalSection
	GlobalSection(ProjectConfigurationPlatforms) = postSolution
		{C7A47272-D193-40A3-828F-62B31C207AE1}.Debug|Any CPU.ActiveCfg = Debug|Any CPU
		{C7A47272-D193-40A3-828F-62B31C207AE1}.Debug|Any CPU.Build.0 = Debug|Any CPU
		{C7A47272-D193-40A3-828F-62B31C207AE1}.Release|Any CPU.ActiveCfg = Release|Any CPU
		{C7A47272-D193-40A3-828F-62B31C207AE1}.Release|Any CPU.Build.0 = Release|Any CPU
	EndGlobalSection
	GlobalSection(SolutionProperties) = preSolution
		HideSolutionNode = FALSE
	EndGlobalSection
	GlobalSection(ExtensibilityGlobals) = postSolution
		SolutionGuid = {80B4585C-395E-403B-A7CA-AE96B8292BAA}
	EndGlobalSection
EndGlobal
